
Microsoft Visual Studio Solution File, Format Version 12.00
# Visual Studio Version 16
VisualStudioVersion = 16.0.33214.272
MinimumVisualStudioVersion = 10.0.40219.1
Project("{FAE04EC0-301F-11D3-BF4B-00C04F79EFBC}") = "openWeatherAPILib", "openWeatherAPILib\openWeatherAPILib.csproj", "{F62853CB-232F-4690-956B-4608B628F9D3}"
EndProject
Global
	GlobalSection(SolutionConfigurationPlatforms) = preSolution
		Debug|Any CPU = Debug|Any CPU
		Release|Any CPU = Release|Any CPU
	EndGlobalSection
	GlobalSection(ProjectConfigurationPlatforms) = postSolution
		{F62853CB-232F-4690-956B-4608B628F9D3}.Debug|Any CPU.ActiveCfg = Debug|Any CPU
		{F62853CB-232F-4690-956B-4608B628F9D3}.Debug|Any CPU.Build.0 = Debug|Any CPU
		{F62853CB-232F-4690-956B-4608B628F9D3}.Release|Any CPU.ActiveCfg = Release|Any CPU
		{F62853CB-232F-4690-956B-4608B628F9D3}.Release|Any CPU.Build.0 = Release|Any CPU
	EndGlobalSection
	GlobalSection(SolutionProperties) = preSolution
		HideSolutionNode = FALSE
	EndGlobalSection
	GlobalSection(ExtensibilityGlobals) = postSolution
		SolutionGuid = {8344779C-0B9D-4AC2-8C53-CD85E04DF619}
	EndGlobalSection
EndGlobal
